
Microsoft Visual Studio Solution File, Format Version 12.00
# Visual Studio Version 17
VisualStudioVersion = 17.0.31903.59
MinimumVisualStudioVersion = 10.0.40219.1
Project("{FAE04EC0-301F-11D3-BF4B-00C04F79EFBC}") = "Ticket2Help.Models", "Ticket2Help.Models\Ticket2Help.Models.csproj", "{8E525A71-8A9D-4A31-B81B-1DC7F10987D0}"
EndProject
Project("{FAE04EC0-301F-11D3-BF4B-00C04F79EFBC}") = "Ticket2Help.DAL", "Ticket2Help.DAL\Ticket2Help.DAL.csproj", "{2024D68F-6421-4E92-A05B-ADE19CD63FBB}"
EndProject
Project("{FAE04EC0-301F-11D3-BF4B-00C04F79EFBC}") = "Ticket2Help.BLL", "Ticket2Help.BLL\Ticket2Help.BLL.csproj", "{E33C8079-D366-428C-A371-EEFC29BA841C}"
EndProject
Project("{FAE04EC0-301F-11D3-BF4B-00C04F79EFBC}") = "Ticket2Help.UI", "Ticket2Help.UI\Ticket2Help.UI.csproj", "{A06CB923-2B53-4E4E-99F3-5E897F76A7F1}"
EndProject
Project("{FAE04EC0-301F-11D3-BF4B-00C04F79EFBC}") = "Ticket2Help.Tests", "Ticket2Help.Tests\Ticket2Help.Tests.csproj", "{446AFBBC-8613-4A89-B17E-3456BCB8D39C}"
EndProject
Global
	GlobalSection(SolutionConfigurationPlatforms) = preSolution
		Debug|Any CPU = Debug|Any CPU
		Debug|x64 = Debug|x64
		Debug|x86 = Debug|x86
		Release|Any CPU = Release|Any CPU
		Release|x64 = Release|x64
		Release|x86 = Release|x86
	EndGlobalSection
	GlobalSection(ProjectConfigurationPlatforms) = postSolution
		{8E525A71-8A9D-4A31-B81B-1DC7F10987D0}.Debug|Any CPU.ActiveCfg = Debug|Any CPU
		{8E525A71-8A9D-4A31-B81B-1DC7F10987D0}.Debug|Any CPU.Build.0 = Debug|Any CPU
		{8E525A71-8A9D-4A31-B81B-1DC7F10987D0}.Debug|x64.ActiveCfg = Debug|Any CPU
		{8E525A71-8A9D-4A31-B81B-1DC7F10987D0}.Debug|x64.Build.0 = Debug|Any CPU
		{8E525A71-8A9D-4A31-B81B-1DC7F10987D0}.Debug|x86.ActiveCfg = Debug|Any CPU
		{8E525A71-8A9D-4A31-B81B-1DC7F10987D0}.Debug|x86.Build.0 = Debug|Any CPU
		{8E525A71-8A9D-4A31-B81B-1DC7F10987D0}.Release|Any CPU.ActiveCfg = Release|Any CPU
		{8E525A71-8A9D-4A31-B81B-1DC7F10987D0}.Release|Any CPU.Build.0 = Release|Any CPU
		{8E525A71-8A9D-4A31-B81B-1DC7F10987D0}.Release|x64.ActiveCfg = Release|Any CPU
		{8E525A71-8A9D-4A31-B81B-1DC7F10987D0}.Release|x64.Build.0 = Release|Any CPU
		{8E525A71-8A9D-4A31-B81B-1DC7F10987D0}.Release|x86.ActiveCfg = Release|Any CPU
		{8E525A71-8A9D-4A31-B81B-1DC7F10987D0}.Release|x86.Build.0 = Release|Any CPU
		{2024D68F-6421-4E92-A05B-ADE19CD63FBB}.Debug|Any CPU.ActiveCfg = Debug|Any CPU
		{2024D68F-6421-4E92-A05B-ADE19CD63FBB}.Debug|Any CPU.Build.0 = Debug|Any CPU
		{2024D68F-6421-4E92-A05B-ADE19CD63FBB}.Debug|x64.ActiveCfg = Debug|Any CPU
		{2024D68F-6421-4E92-A05B-ADE19CD63FBB}.Debug|x64.Build.0 = Debug|Any CPU
		{2024D68F-6421-4E92-A05B-ADE19CD63FBB}.Debug|x86.ActiveCfg = Debug|Any CPU
		{2024D68F-6421-4E92-A05B-ADE19CD63FBB}.Debug|x86.Build.0 = Debug|Any CPU
		{2024D68F-6421-4E92-A05B-ADE19CD63FBB}.Release|Any CPU.ActiveCfg = Release|Any CPU
		{2024D68F-6421-4E92-A05B-ADE19CD63FBB}.Release|Any CPU.Build.0 = Release|Any CPU
		{2024D68F-6421-4E92-A05B-ADE19CD63FBB}.Release|x64.ActiveCfg = Release|Any CPU
		{2024D68F-6421-4E92-A05B-ADE19CD63FBB}.Release|x64.Build.0 = Release|Any CPU
		{2024D68F-6421-4E92-A05B-ADE19CD63FBB}.Release|x86.ActiveCfg = Release|Any CPU
		{2024D68F-6421-4E92-A05B-ADE19CD63FBB}.Release|x86.Build.0 = Release|Any CPU
		{E33C8079-D366-428C-A371-EEFC29BA841C}.Debug|Any CPU.ActiveCfg = Debug|Any CPU
		{E33C8079-D366-428C-A371-EEFC29BA841C}.Debug|Any CPU.Build.0 = Debug|Any CPU
		{E33C8079-D366-428C-A371-EEFC29BA841C}.Debug|x64.ActiveCfg = Debug|Any CPU
		{E33C8079-D366-428C-A371-EEFC29BA841C}.Debug|x64.Build.0 = Debug|Any CPU
		{E33C8079-D366-428C-A371-EEFC29BA841C}.Debug|x86.ActiveCfg = Debug|Any CPU
		{E33C8079-D366-428C-A371-EEFC29BA841C}.Debug|x86.Build.0 = Debug|Any CPU
		{E33C8079-D366-428C-A371-EEFC29BA841C}.Release|Any CPU.ActiveCfg = Release|Any CPU
		{E33C8079-D366-428C-A371-EEFC29BA841C}.Release|Any CPU.Build.0 = Release|Any CPU
		{E33C8079-D366-428C-A371-EEFC29BA841C}.Release|x64.ActiveCfg = Release|Any CPU
		{E33C8079-D366-428C-A371-EEFC29BA841C}.Release|x64.Build.0 = Release|Any CPU
		{E33C8079-D366-428C-A371-EEFC29BA841C}.Release|x86.ActiveCfg = Release|Any CPU
		{E33C8079-D366-428C-A371-EEFC29BA841C}.Release|x86.Build.0 = Release|Any CPU
		{A06CB923-2B53-4E4E-99F3-5E897F76A7F1}.Debug|Any CPU.ActiveCfg = Debug|Any CPU
		{A06CB923-2B53-4E4E-99F3-5E897F76A7F1}.Debug|Any CPU.Build.0 = Debug|Any CPU
		{A06CB923-2B53-4E4E-99F3-5E897F76A7F1}.Debug|x64.ActiveCfg = Debug|Any CPU
		{A06CB923-2B53-4E4E-99F3-5E897F76A7F1}.Debug|x64.Build.0 = Debug|Any CPU
		{A06CB923-2B53-4E4E-99F3-5E897F76A7F1}.Debug|x86.ActiveCfg = Debug|Any CPU
		{A06CB923-2B53-4E4E-99F3-5E897F76A7F1}.Debug|x86.Build.0 = Debug|Any CPU
		{A06CB923-2B53-4E4E-99F3-5E897F76A7F1}.Release|Any CPU.ActiveCfg = Release|Any CPU
		{A06CB923-2B53-4E4E-99F3-5E897F76A7F1}.Release|Any CPU.Build.0 = Release|Any CPU
		{A06CB923-2B53-4E4E-99F3-5E897F76A7F1}.Release|x64.ActiveCfg = Release|Any CPU
		{A06CB923-2B53-4E4E-99F3-5E897F76A7F1}.Release|x64.Build.0 = Release|Any CPU
		{A06CB923-2B53-4E4E-99F3-5E897F76A7F1}.Release|x86.ActiveCfg = Release|Any CPU
		{A06CB923-2B53-4E4E-99F3-5E897F76A7F1}.Release|x86.Build.0 = Release|Any CPU
		{446AFBBC-8613-4A89-B17E-3456BCB8D39C}.Debug|Any CPU.ActiveCfg = Debug|Any CPU
		{446AFBBC-8613-4A89-B17E-3456BCB8D39C}.Debug|Any CPU.Build.0 = Debug|Any CPU
		{446AFBBC-8613-4A89-B17E-3456BCB8D39C}.Debug|x64.ActiveCfg = Debug|Any CPU
		{446AFBBC-8613-4A89-B17E-3456BCB8D39C}.Debug|x64.Build.0 = Debug|Any CPU
		{446AFBBC-8613-4A89-B17E-3456BCB8D39C}.Debug|x86.ActiveCfg = Debug|Any CPU
		{446AFBBC-8613-4A89-B17E-3456BCB8D39C}.Debug|x86.Build.0 = Debug|Any CPU
		{446AFBBC-8613-4A89-B17E-3456BCB8D39C}.Release|Any CPU.ActiveCfg = Release|Any CPU
		{446AFBBC-8613-4A89-B17E-3456BCB8D39C}.Release|Any CPU.Build.0 = Release|Any CPU
		{446AFBBC-8613-4A89-B17E-3456BCB8D39C}.Release|x64.ActiveCfg = Release|Any CPU
		{446AFBBC-8613-4A89-B17E-3456BCB8D39C}.Release|x64.Build.0 = Release|Any CPU
		{446AFBBC-8613-4A89-B17E-3456BCB8D39C}.Release|x86.ActiveCfg = Release|Any CPU
		{446AFBBC-8613-4A89-B17E-3456BCB8D39C}.Release|x86.Build.0 = Release|Any CPU
	EndGlobalSection
	GlobalSection(SolutionProperties) = preSolution
		HideSolutionNode = FALSE
	EndGlobalSection
	GlobalSection(ExtensibilityGlobals) = postSolution
		SolutionGuid = {DE6BAC0E-F370-4AE4-B025-A096A2ADC252}
	EndGlobalSection
EndGlobal
